
Microsoft Visual Studio Solution File, Format Version 12.00
# Visual Studio Version 17
VisualStudioVersion = 17.11.35222.181
MinimumVisualStudioVersion = 10.0.40219.1
Project("{9A19103F-16F7-4668-BE54-9A1E7A4F7556}") = "ConsoleApp1", "ConsoleApp1.csproj", "{6BFD97AC-842C-40A9-A9D6-ABEB9A33E1FB}"
EndProject
Global
	GlobalSection(SolutionConfigurationPlatforms) = preSolution
		Debug|Any CPU = Debug|Any CPU
		Release|Any CPU = Release|Any CPU
	EndGlobalSection
	GlobalSection(ProjectConfigurationPlatforms) = postSolution
		{6BFD97AC-842C-40A9-A9D6-ABEB9A33E1FB}.Debug|Any CPU.ActiveCfg = Debug|Any CPU
		{6BFD97AC-842C-40A9-A9D6-ABEB9A33E1FB}.Debug|Any CPU.Build.0 = Debug|Any CPU
		{6BFD97AC-842C-40A9-A9D6-ABEB9A33E1FB}.Release|Any CPU.ActiveCfg = Release|Any CPU
		{6BFD97AC-842C-40A9-A9D6-ABEB9A33E1FB}.Release|Any CPU.Build.0 = Release|Any CPU
	EndGlobalSection
	GlobalSection(SolutionProperties) = preSolution
		HideSolutionNode = FALSE
	EndGlobalSection
	GlobalSection(ExtensibilityGlobals) = postSolution
		SolutionGuid = {E9D53F27-82F9-43FF-8AB8-E77D73AF13CB}
	EndGlobalSection
EndGlobal
